
Microsoft Visual Studio Solution File, Format Version 12.00
# Visual Studio Version 17
VisualStudioVersion = 17.0.32112.339
MinimumVisualStudioVersion = 10.0.40219.1
Project("{FAE04EC0-301F-11D3-BF4B-00C04F79EFBC}") = "WPFApp", "WPFApp\WPFApp.csproj", "{6C8224DD-BD2B-4488-AAB7-C03F5B65DF0B}"
EndProject
Global
	GlobalSection(SolutionConfigurationPlatforms) = preSolution
		Debug|Any CPU = Debug|Any CPU
		Release|Any CPU = Release|Any CPU
	EndGlobalSection
	GlobalSection(ProjectConfigurationPlatforms) = postSolution
		{6C8224DD-BD2B-4488-AAB7-C03F5B65DF0B}.Debug|Any CPU.ActiveCfg = Debug|Any CPU
		{6C8224DD-BD2B-4488-AAB7-C03F5B65DF0B}.Debug|Any CPU.Build.0 = Debug|Any CPU
		{6C8224DD-BD2B-4488-AAB7-C03F5B65DF0B}.Release|Any CPU.ActiveCfg = Release|Any CPU
		{6C8224DD-BD2B-4488-AAB7-C03F5B65DF0B}.Release|Any CPU.Build.0 = Release|Any CPU
	EndGlobalSection
	GlobalSection(SolutionProperties) = preSolution
		HideSolutionNode = FALSE
	EndGlobalSection
	GlobalSection(ExtensibilityGlobals) = postSolution
		SolutionGuid = {E3FBBF14-2CC0-4A64-A480-1F95ED1DD373}
	EndGlobalSection
EndGlobal
